// !$*UTF8*$!
{
	archiveVersion = 1;
	classes = {
	};
	objectVersion = 46;
	objects = {

/* Begin PBXBuildFile section */
		514533F792FA436AAA752DBE /* libPods-ManhattanForumTests.a in Frameworks */ = {isa = PBXBuildFile; fileRef = F18FB166EB1A4FCA81EF82A0 /* libPods-ManhattanForumTests.a */; };
		5E0C3D9119CEFE0C008E2726 /* AppDelegate.swift in Sources */ = {isa = PBXBuildFile; fileRef = 5E0C3D9019CEFE0C008E2726 /* AppDelegate.swift */; };
		5E0C3D9619CEFE0C008E2726 /* Main.storyboard in Resources */ = {isa = PBXBuildFile; fileRef = 5E0C3D9419CEFE0C008E2726 /* Main.storyboard */; };
		5E0C3D9819CEFE0C008E2726 /* Images.xcassets in Resources */ = {isa = PBXBuildFile; fileRef = 5E0C3D9719CEFE0C008E2726 /* Images.xcassets */; };
		5E0C3D9B19CEFE0C008E2726 /* LaunchScreen.xib in Resources */ = {isa = PBXBuildFile; fileRef = 5E0C3D9919CEFE0C008E2726 /* LaunchScreen.xib */; };
		5E3D147619D1A73C0001FB84 /* noHoodGeocodeResponse.json in Resources */ = {isa = PBXBuildFile; fileRef = 5E3D147519D1A73C0001FB84 /* noHoodGeocodeResponse.json */; };
		5E3D147819D1A9820001FB84 /* wrongKeysGeocodeResponse.json in Resources */ = {isa = PBXBuildFile; fileRef = 5E3D147719D1A9820001FB84 /* wrongKeysGeocodeResponse.json */; };
		5E9C158619CF025800F6EBAA /* BoroughsViewController.swift in Sources */ = {isa = PBXBuildFile; fileRef = 5E9C157719CF025800F6EBAA /* BoroughsViewController.swift */; };
		5E9C158719CF025800F6EBAA /* CreateTopicViewController.swift in Sources */ = {isa = PBXBuildFile; fileRef = 5E9C157819CF025800F6EBAA /* CreateTopicViewController.swift */; };
		5E9C158819CF025800F6EBAA /* Credentials.debug.plist in Resources */ = {isa = PBXBuildFile; fileRef = 5E9C157919CF025800F6EBAA /* Credentials.debug.plist */; };
		5E9C158919CF025800F6EBAA /* Credentials.example.plist in Resources */ = {isa = PBXBuildFile; fileRef = 5E9C157A19CF025800F6EBAA /* Credentials.example.plist */; };
		5E9C158A19CF025800F6EBAA /* Credentials.swift in Sources */ = {isa = PBXBuildFile; fileRef = 5E9C157B19CF025800F6EBAA /* Credentials.swift */; };
		5E9C158B19CF025800F6EBAA /* DismissSegue.swift in Sources */ = {isa = PBXBuildFile; fileRef = 5E9C157C19CF025800F6EBAA /* DismissSegue.swift */; };
		5E9C158C19CF025800F6EBAA /* FontHelper.swift in Sources */ = {isa = PBXBuildFile; fileRef = 5E9C157D19CF025800F6EBAA /* FontHelper.swift */; };
		5E9C158D19CF025800F6EBAA /* GoogleGeocoder.swift in Sources */ = {isa = PBXBuildFile; fileRef = 5E9C157E19CF025800F6EBAA /* GoogleGeocoder.swift */; };
		5E9C158E19CF025800F6EBAA /* LocationManager.swift in Sources */ = {isa = PBXBuildFile; fileRef = 5E9C157F19CF025800F6EBAA /* LocationManager.swift */; };
		5E9C158F19CF025800F6EBAA /* MFLocation.swift in Sources */ = {isa = PBXBuildFile; fileRef = 5E9C158119CF025800F6EBAA /* MFLocation.swift */; };
		5E9C159019CF025800F6EBAA /* OpenSans-Bold.ttf in Resources */ = {isa = PBXBuildFile; fileRef = 5E9C158219CF025800F6EBAA /* OpenSans-Bold.ttf */; };
		5E9C159119CF025800F6EBAA /* OpenSans-Regular.ttf in Resources */ = {isa = PBXBuildFile; fileRef = 5E9C158319CF025800F6EBAA /* OpenSans-Regular.ttf */; };
		5E9C159219CF025800F6EBAA /* ParseHelper.swift in Sources */ = {isa = PBXBuildFile; fileRef = 5E9C158419CF025800F6EBAA /* ParseHelper.swift */; };
		5E9C159319CF025800F6EBAA /* TopicsViewController.swift in Sources */ = {isa = PBXBuildFile; fileRef = 5E9C158519CF025800F6EBAA /* TopicsViewController.swift */; };
		5E9C159E19CF057000F6EBAA /* MFLocationTests.swift in Sources */ = {isa = PBXBuildFile; fileRef = 5E9C159C19CF057000F6EBAA /* MFLocationTests.swift */; };
		5E9C159F19CF057000F6EBAA /* TestHelper.swift in Sources */ = {isa = PBXBuildFile; fileRef = 5E9C159D19CF057000F6EBAA /* TestHelper.swift */; };
		5E9C15A119CF058300F6EBAA /* geocodeResponse.json in Resources */ = {isa = PBXBuildFile; fileRef = 5E9C15A019CF058300F6EBAA /* geocodeResponse.json */; };
		5E9C15A319CF059D00F6EBAA /* MFLocation.swift in Sources */ = {isa = PBXBuildFile; fileRef = 5E9C158119CF025800F6EBAA /* MFLocation.swift */; };
		6CD48305893B4F379B1E09F0 /* libPods-ManhattanForum.a in Frameworks */ = {isa = PBXBuildFile; fileRef = FCB9DA149EA74D3AA3B26882 /* libPods-ManhattanForum.a */; };
/* End PBXBuildFile section */

/* Begin PBXContainerItemProxy section */
		5E0C3DA119CEFE0C008E2726 /* PBXContainerItemProxy */ = {
			isa = PBXContainerItemProxy;
			containerPortal = 5E0C3D8319CEFE0C008E2726 /* Project object */;
			proxyType = 1;
			remoteGlobalIDString = 5E0C3D8A19CEFE0C008E2726;
			remoteInfo = ManhattanForum;
		};
/* End PBXContainerItemProxy section */

/* Begin PBXFileReference section */
		5E0C3D8B19CEFE0C008E2726 /* New Post City.app */ = {isa = PBXFileReference; explicitFileType = wrapper.application; includeInIndex = 0; path = "New Post City.app"; sourceTree = BUILT_PRODUCTS_DIR; };
		5E0C3D8F19CEFE0C008E2726 /* Info.debug.plist */ = {isa = PBXFileReference; lastKnownFileType = text.plist.xml; path = Info.debug.plist; sourceTree = "<group>"; };
		5E0C3D9019CEFE0C008E2726 /* AppDelegate.swift */ = {isa = PBXFileReference; lastKnownFileType = sourcecode.swift; path = AppDelegate.swift; sourceTree = "<group>"; };
		5E0C3D9519CEFE0C008E2726 /* Base */ = {isa = PBXFileReference; lastKnownFileType = file.storyboard; name = Base; path = Base.lproj/Main.storyboard; sourceTree = "<group>"; };
		5E0C3D9719CEFE0C008E2726 /* Images.xcassets */ = {isa = PBXFileReference; lastKnownFileType = folder.assetcatalog; path = Images.xcassets; sourceTree = "<group>"; };
		5E0C3D9A19CEFE0C008E2726 /* Base */ = {isa = PBXFileReference; lastKnownFileType = file.xib; name = Base; path = Base.lproj/LaunchScreen.xib; sourceTree = "<group>"; };
		5E0C3DA019CEFE0C008E2726 /* ManhattanForumTests.xctest */ = {isa = PBXFileReference; explicitFileType = wrapper.cfbundle; includeInIndex = 0; path = ManhattanForumTests.xctest; sourceTree = BUILT_PRODUCTS_DIR; };
		5E0C3DA519CEFE0C008E2726 /* Info.plist */ = {isa = PBXFileReference; lastKnownFileType = text.plist.xml; path = Info.plist; sourceTree = "<group>"; };
		5E3D147519D1A73C0001FB84 /* noHoodGeocodeResponse.json */ = {isa = PBXFileReference; fileEncoding = 4; lastKnownFileType = text.json; path = noHoodGeocodeResponse.json; sourceTree = "<group>"; };
		5E3D147719D1A9820001FB84 /* wrongKeysGeocodeResponse.json */ = {isa = PBXFileReference; fileEncoding = 4; lastKnownFileType = text.json; path = wrongKeysGeocodeResponse.json; sourceTree = "<group>"; };
		5E9C157719CF025800F6EBAA /* BoroughsViewController.swift */ = {isa = PBXFileReference; fileEncoding = 4; lastKnownFileType = sourcecode.swift; path = BoroughsViewController.swift; sourceTree = "<group>"; };
		5E9C157819CF025800F6EBAA /* CreateTopicViewController.swift */ = {isa = PBXFileReference; fileEncoding = 4; lastKnownFileType = sourcecode.swift; path = CreateTopicViewController.swift; sourceTree = "<group>"; };
		5E9C157919CF025800F6EBAA /* Credentials.debug.plist */ = {isa = PBXFileReference; fileEncoding = 4; lastKnownFileType = text.plist.xml; path = Credentials.debug.plist; sourceTree = "<group>"; };
		5E9C157A19CF025800F6EBAA /* Credentials.example.plist */ = {isa = PBXFileReference; fileEncoding = 4; lastKnownFileType = text.plist.xml; path = Credentials.example.plist; sourceTree = "<group>"; };
		5E9C157B19CF025800F6EBAA /* Credentials.swift */ = {isa = PBXFileReference; fileEncoding = 4; lastKnownFileType = sourcecode.swift; path = Credentials.swift; sourceTree = "<group>"; };
		5E9C157C19CF025800F6EBAA /* DismissSegue.swift */ = {isa = PBXFileReference; fileEncoding = 4; lastKnownFileType = sourcecode.swift; path = DismissSegue.swift; sourceTree = "<group>"; };
		5E9C157D19CF025800F6EBAA /* FontHelper.swift */ = {isa = PBXFileReference; fileEncoding = 4; lastKnownFileType = sourcecode.swift; path = FontHelper.swift; sourceTree = "<group>"; };
		5E9C157E19CF025800F6EBAA /* GoogleGeocoder.swift */ = {isa = PBXFileReference; fileEncoding = 4; lastKnownFileType = sourcecode.swift; path = GoogleGeocoder.swift; sourceTree = "<group>"; };
		5E9C157F19CF025800F6EBAA /* LocationManager.swift */ = {isa = PBXFileReference; fileEncoding = 4; lastKnownFileType = sourcecode.swift; path = LocationManager.swift; sourceTree = "<group>"; };
		5E9C158119CF025800F6EBAA /* MFLocation.swift */ = {isa = PBXFileReference; fileEncoding = 4; lastKnownFileType = sourcecode.swift; path = MFLocation.swift; sourceTree = "<group>"; };
		5E9C158219CF025800F6EBAA /* OpenSans-Bold.ttf */ = {isa = PBXFileReference; lastKnownFileType = file; path = "OpenSans-Bold.ttf"; sourceTree = "<group>"; };
		5E9C158319CF025800F6EBAA /* OpenSans-Regular.ttf */ = {isa = PBXFileReference; lastKnownFileType = file; path = "OpenSans-Regular.ttf"; sourceTree = "<group>"; };
		5E9C158419CF025800F6EBAA /* ParseHelper.swift */ = {isa = PBXFileReference; fileEncoding = 4; lastKnownFileType = sourcecode.swift; path = ParseHelper.swift; sourceTree = "<group>"; };
		5E9C158519CF025800F6EBAA /* TopicsViewController.swift */ = {isa = PBXFileReference; fileEncoding = 4; lastKnownFileType = sourcecode.swift; path = TopicsViewController.swift; sourceTree = "<group>"; };
		5E9C159919CF034C00F6EBAA /* ManhattanForum-Bridging-Header.h */ = {isa = PBXFileReference; lastKnownFileType = sourcecode.c.h; path = "ManhattanForum-Bridging-Header.h"; sourceTree = "<group>"; };
		5E9C159C19CF057000F6EBAA /* MFLocationTests.swift */ = {isa = PBXFileReference; fileEncoding = 4; lastKnownFileType = sourcecode.swift; path = MFLocationTests.swift; sourceTree = "<group>"; };
		5E9C159D19CF057000F6EBAA /* TestHelper.swift */ = {isa = PBXFileReference; fileEncoding = 4; lastKnownFileType = sourcecode.swift; path = TestHelper.swift; sourceTree = "<group>"; };
		5E9C15A019CF058300F6EBAA /* geocodeResponse.json */ = {isa = PBXFileReference; fileEncoding = 4; lastKnownFileType = text.json; path = geocodeResponse.json; sourceTree = "<group>"; };
		5E9C15A519D11D9B00F6EBAA /* ManhattanForumTests-Bridging-Header.h */ = {isa = PBXFileReference; lastKnownFileType = sourcecode.c.h; path = "ManhattanForumTests-Bridging-Header.h"; sourceTree = "<group>"; };
		AD354A36850147D8824AD9C3 /* Pods-ManhattanForumTests.xcconfig */ = {isa = PBXFileReference; includeInIndex = 1; lastKnownFileType = text.xcconfig; name = "Pods-ManhattanForumTests.xcconfig"; path = "Pods/Pods-ManhattanForumTests.xcconfig"; sourceTree = "<group>"; };
		F18FB166EB1A4FCA81EF82A0 /* libPods-ManhattanForumTests.a */ = {isa = PBXFileReference; explicitFileType = archive.ar; includeInIndex = 0; path = "libPods-ManhattanForumTests.a"; sourceTree = BUILT_PRODUCTS_DIR; };
		F55E49809BBA40F9A30CC4B2 /* Pods-ManhattanForum.xcconfig */ = {isa = PBXFileReference; includeInIndex = 1; lastKnownFileType = text.xcconfig; name = "Pods-ManhattanForum.xcconfig"; path = "Pods/Pods-ManhattanForum.xcconfig"; sourceTree = "<group>"; };
		FCB9DA149EA74D3AA3B26882 /* libPods-ManhattanForum.a */ = {isa = PBXFileReference; explicitFileType = archive.ar; includeInIndex = 0; path = "libPods-ManhattanForum.a"; sourceTree = BUILT_PRODUCTS_DIR; };
/* End PBXFileReference section */

/* Begin PBXFrameworksBuildPhase section */
		5E0C3D8819CEFE0C008E2726 /* Frameworks */ = {
			isa = PBXFrameworksBuildPhase;
			buildActionMask = 2147483647;
			files = (
				6CD48305893B4F379B1E09F0 /* libPods-ManhattanForum.a in Frameworks */,
			);
			runOnlyForDeploymentPostprocessing = 0;
		};
		5E0C3D9D19CEFE0C008E2726 /* Frameworks */ = {
			isa = PBXFrameworksBuildPhase;
			buildActionMask = 2147483647;
			files = (
				514533F792FA436AAA752DBE /* libPods-ManhattanForumTests.a in Frameworks */,
			);
			runOnlyForDeploymentPostprocessing = 0;
		};
/* End PBXFrameworksBuildPhase section */

/* Begin PBXGroup section */
		5581BA35EC9B4208A6FB3AA1 /* Frameworks */ = {
			isa = PBXGroup;
			children = (
				FCB9DA149EA74D3AA3B26882 /* libPods-ManhattanForum.a */,
				F18FB166EB1A4FCA81EF82A0 /* libPods-ManhattanForumTests.a */,
			);
			name = Frameworks;
			sourceTree = "<group>";
		};
		5E0C3D8219CEFE0C008E2726 = {
			isa = PBXGroup;
			children = (
				5E0C3D8D19CEFE0C008E2726 /* ManhattanForum */,
				5E0C3DA319CEFE0C008E2726 /* ManhattanForumTests */,
				5E0C3D8C19CEFE0C008E2726 /* Products */,
				F55E49809BBA40F9A30CC4B2 /* Pods-ManhattanForum.xcconfig */,
				5581BA35EC9B4208A6FB3AA1 /* Frameworks */,
				AD354A36850147D8824AD9C3 /* Pods-ManhattanForumTests.xcconfig */,
			);
			sourceTree = "<group>";
		};
		5E0C3D8C19CEFE0C008E2726 /* Products */ = {
			isa = PBXGroup;
			children = (
				5E0C3D8B19CEFE0C008E2726 /* New Post City.app */,
				5E0C3DA019CEFE0C008E2726 /* ManhattanForumTests.xctest */,
			);
			name = Products;
			sourceTree = "<group>";
		};
		5E0C3D8D19CEFE0C008E2726 /* ManhattanForum */ = {
			isa = PBXGroup;
			children = (
				5E0C3D9019CEFE0C008E2726 /* AppDelegate.swift */,
				5E9C159519CF028600F6EBAA /* Misc */,
				5E9C159619CF028F00F6EBAA /* Models */,
				5E9C159419CF026700F6EBAA /* Controllers */,
				5E9C159719CF02CA00F6EBAA /* User Interface */,
				5E0C3D8E19CEFE0C008E2726 /* Supporting Files */,
			);
			path = ManhattanForum;
			sourceTree = "<group>";
		};
		5E0C3D8E19CEFE0C008E2726 /* Supporting Files */ = {
			isa = PBXGroup;
			children = (
				5E9C159919CF034C00F6EBAA /* ManhattanForum-Bridging-Header.h */,
				5E9C157919CF025800F6EBAA /* Credentials.debug.plist */,
				5E9C157A19CF025800F6EBAA /* Credentials.example.plist */,
				5E0C3D8F19CEFE0C008E2726 /* Info.debug.plist */,
			);
			name = "Supporting Files";
			sourceTree = "<group>";
		};
		5E0C3DA319CEFE0C008E2726 /* ManhattanForumTests */ = {
			isa = PBXGroup;
			children = (
				5E9C15A219CF058C00F6EBAA /* Fixtures */,
				5E9C159C19CF057000F6EBAA /* MFLocationTests.swift */,
				5E9C159D19CF057000F6EBAA /* TestHelper.swift */,
				5E0C3DA419CEFE0C008E2726 /* Supporting Files */,
				5E9C15A519D11D9B00F6EBAA /* ManhattanForumTests-Bridging-Header.h */,
			);
			path = ManhattanForumTests;
			sourceTree = "<group>";
		};
		5E0C3DA419CEFE0C008E2726 /* Supporting Files */ = {
			isa = PBXGroup;
			children = (
				5E0C3DA519CEFE0C008E2726 /* Info.plist */,
			);
			name = "Supporting Files";
			sourceTree = "<group>";
		};
		5E9C159419CF026700F6EBAA /* Controllers */ = {
			isa = PBXGroup;
			children = (
				5E9C157719CF025800F6EBAA /* BoroughsViewController.swift */,
				5E9C158519CF025800F6EBAA /* TopicsViewController.swift */,
				5E9C157819CF025800F6EBAA /* CreateTopicViewController.swift */,
			);
			name = Controllers;
			sourceTree = "<group>";
		};
		5E9C159519CF028600F6EBAA /* Misc */ = {
			isa = PBXGroup;
			children = (
				5E9C157B19CF025800F6EBAA /* Credentials.swift */,
				5E9C157E19CF025800F6EBAA /* GoogleGeocoder.swift */,
				5E9C158419CF025800F6EBAA /* ParseHelper.swift */,
				5E9C157F19CF025800F6EBAA /* LocationManager.swift */,
				5E9C157D19CF025800F6EBAA /* FontHelper.swift */,
			);
			name = Misc;
			sourceTree = "<group>";
		};
		5E9C159619CF028F00F6EBAA /* Models */ = {
			isa = PBXGroup;
			children = (
				5E9C158119CF025800F6EBAA /* MFLocation.swift */,
			);
			name = Models;
			sourceTree = "<group>";
		};
		5E9C159719CF02CA00F6EBAA /* User Interface */ = {
			isa = PBXGroup;
			children = (
				5E9C157C19CF025800F6EBAA /* DismissSegue.swift */,
				5E9C158219CF025800F6EBAA /* OpenSans-Bold.ttf */,
				5E9C158319CF025800F6EBAA /* OpenSans-Regular.ttf */,
				5E0C3D9419CEFE0C008E2726 /* Main.storyboard */,
				5E0C3D9719CEFE0C008E2726 /* Images.xcassets */,
				5E0C3D9919CEFE0C008E2726 /* LaunchScreen.xib */,
			);
			name = "User Interface";
			sourceTree = "<group>";
		};
		5E9C15A219CF058C00F6EBAA /* Fixtures */ = {
			isa = PBXGroup;
			children = (
				5E3D147719D1A9820001FB84 /* wrongKeysGeocodeResponse.json */,
				5E3D147519D1A73C0001FB84 /* noHoodGeocodeResponse.json */,
				5E9C15A019CF058300F6EBAA /* geocodeResponse.json */,
			);
			name = Fixtures;
			sourceTree = "<group>";
		};
/* End PBXGroup section */

/* Begin PBXNativeTarget section */
		5E0C3D8A19CEFE0C008E2726 /* ManhattanForum */ = {
			isa = PBXNativeTarget;
			buildConfigurationList = 5E0C3DAA19CEFE0C008E2726 /* Build configuration list for PBXNativeTarget "ManhattanForum" */;
			buildPhases = (
				AFC620B82CCF4D50B65DC117 /* Check Pods Manifest.lock */,
				5E0C3D8719CEFE0C008E2726 /* Sources */,
				5E0C3D8819CEFE0C008E2726 /* Frameworks */,
				5E0C3D8919CEFE0C008E2726 /* Resources */,
				0B97B194F85443198C27B976 /* Copy Pods Resources */,
			);
			buildRules = (
			);
			dependencies = (
			);
			name = ManhattanForum;
			productName = ManhattanForum;
			productReference = 5E0C3D8B19CEFE0C008E2726 /* New Post City.app */;
			productType = "com.apple.product-type.application";
		};
		5E0C3D9F19CEFE0C008E2726 /* ManhattanForumTests */ = {
			isa = PBXNativeTarget;
			buildConfigurationList = 5E0C3DAD19CEFE0C008E2726 /* Build configuration list for PBXNativeTarget "ManhattanForumTests" */;
			buildPhases = (
				AE6089EFE9D34A52A1DA6B69 /* Check Pods Manifest.lock */,
				5E0C3D9C19CEFE0C008E2726 /* Sources */,
				5E0C3D9D19CEFE0C008E2726 /* Frameworks */,
				5E0C3D9E19CEFE0C008E2726 /* Resources */,
				294C8FD4F34C4391B55B293D /* Copy Pods Resources */,
			);
			buildRules = (
			);
			dependencies = (
				5E0C3DA219CEFE0C008E2726 /* PBXTargetDependency */,
			);
			name = ManhattanForumTests;
			productName = ManhattanForumTests;
			productReference = 5E0C3DA019CEFE0C008E2726 /* ManhattanForumTests.xctest */;
			productType = "com.apple.product-type.bundle.unit-test";
		};
/* End PBXNativeTarget section */

/* Begin PBXProject section */
		5E0C3D8319CEFE0C008E2726 /* Project object */ = {
			isa = PBXProject;
			attributes = {
				LastUpgradeCheck = 0600;
				ORGANIZATIONNAME = dimroc;
				TargetAttributes = {
					5E0C3D8A19CEFE0C008E2726 = {
						CreatedOnToolsVersion = 6.0.1;
					};
					5E0C3D9F19CEFE0C008E2726 = {
						CreatedOnToolsVersion = 6.0.1;
						TestTargetID = 5E0C3D8A19CEFE0C008E2726;
					};
				};
			};
			buildConfigurationList = 5E0C3D8619CEFE0C008E2726 /* Build configuration list for PBXProject "ManhattanForum" */;
			compatibilityVersion = "Xcode 3.2";
			developmentRegion = English;
			hasScannedForEncodings = 0;
			knownRegions = (
				en,
				Base,
			);
			mainGroup = 5E0C3D8219CEFE0C008E2726;
			productRefGroup = 5E0C3D8C19CEFE0C008E2726 /* Products */;
			projectDirPath = "";
			projectRoot = "";
			targets = (
				5E0C3D8A19CEFE0C008E2726 /* ManhattanForum */,
				5E0C3D9F19CEFE0C008E2726 /* ManhattanForumTests */,
			);
		};
/* End PBXProject section */

/* Begin PBXResourcesBuildPhase section */
		5E0C3D8919CEFE0C008E2726 /* Resources */ = {
			isa = PBXResourcesBuildPhase;
			buildActionMask = 2147483647;
			files = (
				5E9C158819CF025800F6EBAA /* Credentials.debug.plist in Resources */,
				5E0C3D9619CEFE0C008E2726 /* Main.storyboard in Resources */,
				5E9C159019CF025800F6EBAA /* OpenSans-Bold.ttf in Resources */,
				5E9C159119CF025800F6EBAA /* OpenSans-Regular.ttf in Resources */,
				5E0C3D9B19CEFE0C008E2726 /* LaunchScreen.xib in Resources */,
				5E9C158919CF025800F6EBAA /* Credentials.example.plist in Resources */,
				5E0C3D9819CEFE0C008E2726 /* Images.xcassets in Resources */,
			);
			runOnlyForDeploymentPostprocessing = 0;
		};
		5E0C3D9E19CEFE0C008E2726 /* Resources */ = {
			isa = PBXResourcesBuildPhase;
			buildActionMask = 2147483647;
			files = (
				5E9C15A119CF058300F6EBAA /* geocodeResponse.json in Resources */,
				5E3D147819D1A9820001FB84 /* wrongKeysGeocodeResponse.json in Resources */,
				5E3D147619D1A73C0001FB84 /* noHoodGeocodeResponse.json in Resources */,
			);
			runOnlyForDeploymentPostprocessing = 0;
		};
/* End PBXResourcesBuildPhase section */

/* Begin PBXShellScriptBuildPhase section */
		0B97B194F85443198C27B976 /* Copy Pods Resources */ = {
			isa = PBXShellScriptBuildPhase;
			buildActionMask = 2147483647;
			files = (
			);
			inputPaths = (
			);
			name = "Copy Pods Resources";
			outputPaths = (
			);
			runOnlyForDeploymentPostprocessing = 0;
			shellPath = /bin/sh;
			shellScript = "\"${SRCROOT}/Pods/Pods-ManhattanForum-resources.sh\"\n";
			showEnvVarsInLog = 0;
		};
		294C8FD4F34C4391B55B293D /* Copy Pods Resources */ = {
			isa = PBXShellScriptBuildPhase;
			buildActionMask = 2147483647;
			files = (
			);
			inputPaths = (
			);
			name = "Copy Pods Resources";
			outputPaths = (
			);
			runOnlyForDeploymentPostprocessing = 0;
			shellPath = /bin/sh;
			shellScript = "\"${SRCROOT}/Pods/Pods-ManhattanForumTests-resources.sh\"\n";
			showEnvVarsInLog = 0;
		};
		AE6089EFE9D34A52A1DA6B69 /* Check Pods Manifest.lock */ = {
			isa = PBXShellScriptBuildPhase;
			buildActionMask = 2147483647;
			files = (
			);
			inputPaths = (
			);
			name = "Check Pods Manifest.lock";
			outputPaths = (
			);
			runOnlyForDeploymentPostprocessing = 0;
			shellPath = /bin/sh;
			shellScript = "diff \"${PODS_ROOT}/../Podfile.lock\" \"${PODS_ROOT}/Manifest.lock\" > /dev/null\nif [[ $? != 0 ]] ; then\n    cat << EOM\nerror: The sandbox is not in sync with the Podfile.lock. Run 'pod install' or update your CocoaPods installation.\nEOM\n    exit 1\nfi\n";
			showEnvVarsInLog = 0;
		};
		AFC620B82CCF4D50B65DC117 /* Check Pods Manifest.lock */ = {
			isa = PBXShellScriptBuildPhase;
			buildActionMask = 2147483647;
			files = (
			);
			inputPaths = (
			);
			name = "Check Pods Manifest.lock";
			outputPaths = (
			);
			runOnlyForDeploymentPostprocessing = 0;
			shellPath = /bin/sh;
			shellScript = "diff \"${PODS_ROOT}/../Podfile.lock\" \"${PODS_ROOT}/Manifest.lock\" > /dev/null\nif [[ $? != 0 ]] ; then\n    cat << EOM\nerror: The sandbox is not in sync with the Podfile.lock. Run 'pod install' or update your CocoaPods installation.\nEOM\n    exit 1\nfi\n";
			showEnvVarsInLog = 0;
		};
/* End PBXShellScriptBuildPhase section */

/* Begin PBXSourcesBuildPhase section */
		5E0C3D8719CEFE0C008E2726 /* Sources */ = {
			isa = PBXSourcesBuildPhase;
			buildActionMask = 2147483647;
			files = (
				5E9C158719CF025800F6EBAA /* CreateTopicViewController.swift in Sources */,
				5E9C159319CF025800F6EBAA /* TopicsViewController.swift in Sources */,
				5E9C158A19CF025800F6EBAA /* Credentials.swift in Sources */,
				5E0C3D9119CEFE0C008E2726 /* AppDelegate.swift in Sources */,
				5E9C158D19CF025800F6EBAA /* GoogleGeocoder.swift in Sources */,
				5E9C158F19CF025800F6EBAA /* MFLocation.swift in Sources */,
				5E9C158B19CF025800F6EBAA /* DismissSegue.swift in Sources */,
				5E9C158C19CF025800F6EBAA /* FontHelper.swift in Sources */,
				5E9C159219CF025800F6EBAA /* ParseHelper.swift in Sources */,
				5E9C158619CF025800F6EBAA /* BoroughsViewController.swift in Sources */,
				5E9C158E19CF025800F6EBAA /* LocationManager.swift in Sources */,
			);
			runOnlyForDeploymentPostprocessing = 0;
		};
		5E0C3D9C19CEFE0C008E2726 /* Sources */ = {
			isa = PBXSourcesBuildPhase;
			buildActionMask = 2147483647;
			files = (
				5E9C159E19CF057000F6EBAA /* MFLocationTests.swift in Sources */,
				5E9C159F19CF057000F6EBAA /* TestHelper.swift in Sources */,
				5E9C15A319CF059D00F6EBAA /* MFLocation.swift in Sources */,
			);
			runOnlyForDeploymentPostprocessing = 0;
		};
/* End PBXSourcesBuildPhase section */

/* Begin PBXTargetDependency section */
		5E0C3DA219CEFE0C008E2726 /* PBXTargetDependency */ = {
			isa = PBXTargetDependency;
			target = 5E0C3D8A19CEFE0C008E2726 /* ManhattanForum */;
			targetProxy = 5E0C3DA119CEFE0C008E2726 /* PBXContainerItemProxy */;
		};
/* End PBXTargetDependency section */

/* Begin PBXVariantGroup section */
		5E0C3D9419CEFE0C008E2726 /* Main.storyboard */ = {
			isa = PBXVariantGroup;
			children = (
				5E0C3D9519CEFE0C008E2726 /* Base */,
			);
			name = Main.storyboard;
			sourceTree = "<group>";
		};
		5E0C3D9919CEFE0C008E2726 /* LaunchScreen.xib */ = {
			isa = PBXVariantGroup;
			children = (
				5E0C3D9A19CEFE0C008E2726 /* Base */,
			);
			name = LaunchScreen.xib;
			sourceTree = "<group>";
		};
/* End PBXVariantGroup section */

/* Begin XCBuildConfiguration section */
		5E0C3DA819CEFE0C008E2726 /* Debug */ = {
			isa = XCBuildConfiguration;
			buildSettings = {
				ALWAYS_SEARCH_USER_PATHS = NO;
				CLANG_CXX_LANGUAGE_STANDARD = "gnu++0x";
				CLANG_CXX_LIBRARY = "libc++";
				CLANG_ENABLE_MODULES = YES;
				CLANG_ENABLE_OBJC_ARC = YES;
				CLANG_WARN_BOOL_CONVERSION = YES;
				CLANG_WARN_CONSTANT_CONVERSION = YES;
				CLANG_WARN_DIRECT_OBJC_ISA_USAGE = YES_ERROR;
				CLANG_WARN_EMPTY_BODY = YES;
				CLANG_WARN_ENUM_CONVERSION = YES;
				CLANG_WARN_INT_CONVERSION = YES;
				CLANG_WARN_OBJC_ROOT_CLASS = YES_ERROR;
				CLANG_WARN_UNREACHABLE_CODE = YES;
				CLANG_WARN__DUPLICATE_METHOD_MATCH = YES;
				"CODE_SIGN_IDENTITY[sdk=iphoneos*]" = "iPhone Developer";
				COPY_PHASE_STRIP = NO;
				ENABLE_STRICT_OBJC_MSGSEND = YES;
				GCC_C_LANGUAGE_STANDARD = gnu99;
				GCC_DYNAMIC_NO_PIC = NO;
				GCC_OPTIMIZATION_LEVEL = 0;
				GCC_PREPROCESSOR_DEFINITIONS = (
					"DEBUG=1",
					"$(inherited)",
				);
				GCC_SYMBOLS_PRIVATE_EXTERN = NO;
				GCC_WARN_64_TO_32_BIT_CONVERSION = YES;
				GCC_WARN_ABOUT_RETURN_TYPE = YES_ERROR;
				GCC_WARN_UNDECLARED_SELECTOR = YES;
				GCC_WARN_UNINITIALIZED_AUTOS = YES_AGGRESSIVE;
				GCC_WARN_UNUSED_FUNCTION = YES;
				GCC_WARN_UNUSED_VARIABLE = YES;
				IPHONEOS_DEPLOYMENT_TARGET = 7.1;
				MTL_ENABLE_DEBUG_INFO = YES;
				ONLY_ACTIVE_ARCH = YES;
				SDKROOT = iphoneos;
				SWIFT_OPTIMIZATION_LEVEL = "-Onone";
			};
			name = Debug;
		};
		5E0C3DA919CEFE0C008E2726 /* Release */ = {
			isa = XCBuildConfiguration;
			buildSettings = {
				ALWAYS_SEARCH_USER_PATHS = NO;
				CLANG_CXX_LANGUAGE_STANDARD = "gnu++0x";
				CLANG_CXX_LIBRARY = "libc++";
				CLANG_ENABLE_MODULES = YES;
				CLANG_ENABLE_OBJC_ARC = YES;
				CLANG_WARN_BOOL_CONVERSION = YES;
				CLANG_WARN_CONSTANT_CONVERSION = YES;
				CLANG_WARN_DIRECT_OBJC_ISA_USAGE = YES_ERROR;
				CLANG_WARN_EMPTY_BODY = YES;
				CLANG_WARN_ENUM_CONVERSION = YES;
				CLANG_WARN_INT_CONVERSION = YES;
				CLANG_WARN_OBJC_ROOT_CLASS = YES_ERROR;
				CLANG_WARN_UNREACHABLE_CODE = YES;
				CLANG_WARN__DUPLICATE_METHOD_MATCH = YES;
				"CODE_SIGN_IDENTITY[sdk=iphoneos*]" = "iPhone Developer";
				COPY_PHASE_STRIP = YES;
				ENABLE_NS_ASSERTIONS = NO;
				ENABLE_STRICT_OBJC_MSGSEND = YES;
				GCC_C_LANGUAGE_STANDARD = gnu99;
				GCC_WARN_64_TO_32_BIT_CONVERSION = YES;
				GCC_WARN_ABOUT_RETURN_TYPE = YES_ERROR;
				GCC_WARN_UNDECLARED_SELECTOR = YES;
				GCC_WARN_UNINITIALIZED_AUTOS = YES_AGGRESSIVE;
				GCC_WARN_UNUSED_FUNCTION = YES;
				GCC_WARN_UNUSED_VARIABLE = YES;
				IPHONEOS_DEPLOYMENT_TARGET = 7.1;
				MTL_ENABLE_DEBUG_INFO = NO;
				SDKROOT = iphoneos;
				VALIDATE_PRODUCT = YES;
			};
			name = Release;
		};
		5E0C3DAB19CEFE0C008E2726 /* Debug */ = {
			isa = XCBuildConfiguration;
			baseConfigurationReference = F55E49809BBA40F9A30CC4B2 /* Pods-ManhattanForum.xcconfig */;
			buildSettings = {
				ASSETCATALOG_COMPILER_APPICON_NAME = AppIcon;
				CLANG_ENABLE_MODULES = YES;
				INFOPLIST_FILE = ManhattanForum/Info.debug.plist;
				IPHONEOS_DEPLOYMENT_TARGET = 7.1;
				LD_RUNPATH_SEARCH_PATHS = "$(inherited) @executable_path/Frameworks";
				PRODUCT_NAME = "New Post City";
				SWIFT_OBJC_BRIDGING_HEADER = "ManhattanForum/ManhattanForum-Bridging-Header.h";
				SWIFT_OPTIMIZATION_LEVEL = "-Onone";
			};
			name = Debug;
		};
		5E0C3DAC19CEFE0C008E2726 /* Release */ = {
			isa = XCBuildConfiguration;
			baseConfigurationReference = F55E49809BBA40F9A30CC4B2 /* Pods-ManhattanForum.xcconfig */;
			buildSettings = {
				ASSETCATALOG_COMPILER_APPICON_NAME = AppIcon;
				CLANG_ENABLE_MODULES = YES;
				INFOPLIST_FILE = ManhattanForum/Info.debug.plist;
				IPHONEOS_DEPLOYMENT_TARGET = 7.1;
				LD_RUNPATH_SEARCH_PATHS = "$(inherited) @executable_path/Frameworks";
				PRODUCT_NAME = "New Post City";
				SWIFT_OBJC_BRIDGING_HEADER = "ManhattanForum/ManhattanForum-Bridging-Header.h";
			};
			name = Release;
		};
		5E0C3DAE19CEFE0C008E2726 /* Debug */ = {
			isa = XCBuildConfiguration;
			baseConfigurationReference = AD354A36850147D8824AD9C3 /* Pods-ManhattanForumTests.xcconfig */;
			buildSettings = {
				BUNDLE_LOADER = "$(TEST_HOST)";
				CLANG_ENABLE_MODULES = YES;
				FRAMEWORK_SEARCH_PATHS = (
					"$(SDKROOT)/Developer/Library/Frameworks",
					"$(inherited)",
				);
				GCC_PREPROCESSOR_DEFINITIONS = (
					"DEBUG=1",
					"$(inherited)",
				);
				INFOPLIST_FILE = ManhattanForumTests/Info.plist;
				LD_RUNPATH_SEARCH_PATHS = "$(inherited) @executable_path/Frameworks @loader_path/Frameworks";
				PRODUCT_NAME = "$(TARGET_NAME)";
				SWIFT_OBJC_BRIDGING_HEADER = "ManhattanForumTests/ManhattanForumTests-Bridging-Header.h";
				SWIFT_OPTIMIZATION_LEVEL = "-Onone";
				TEST_HOST = "$(BUILT_PRODUCTS_DIR)/ManhattanForum.app/ManhattanForum";
			};
			name = Debug;
		};
		5E0C3DAF19CEFE0C008E2726 /* Release */ = {
			isa = XCBuildConfiguration;
			baseConfigurationReference = AD354A36850147D8824AD9C3 /* Pods-ManhattanForumTests.xcconfig */;
			buildSettings = {
				BUNDLE_LOADER = "$(TEST_HOST)";
				CLANG_ENABLE_MODULES = YES;
				FRAMEWORK_SEARCH_PATHS = (
					"$(SDKROOT)/Developer/Library/Frameworks",
					"$(inherited)",
				);
				INFOPLIST_FILE = ManhattanForumTests/Info.plist;
				LD_RUNPATH_SEARCH_PATHS = "$(inherited) @executable_path/Frameworks @loader_path/Frameworks";
				PRODUCT_NAME = "$(TARGET_NAME)";
				SWIFT_OBJC_BRIDGING_HEADER = "ManhattanForumTests/ManhattanForumTests-Bridging-Header.h";
				TEST_HOST = "$(BUILT_PRODUCTS_DIR)/ManhattanForum.app/ManhattanForum";
			};
			name = Release;
		};
/* End XCBuildConfiguration section */

/* Begin XCConfigurationList section */
		5E0C3D8619CEFE0C008E2726 /* Build configuration list for PBXProject "ManhattanForum" */ = {
			isa = XCConfigurationList;
			buildConfigurations = (
				5E0C3DA819CEFE0C008E2726 /* Debug */,
				5E0C3DA919CEFE0C008E2726 /* Release */,
			);
			defaultConfigurationIsVisible = 0;
			defaultConfigurationName = Release;
		};
		5E0C3DAA19CEFE0C008E2726 /* Build configuration list for PBXNativeTarget "ManhattanForum" */ = {
			isa = XCConfigurationList;
			buildConfigurations = (
				5E0C3DAB19CEFE0C008E2726 /* Debug */,
				5E0C3DAC19CEFE0C008E2726 /* Release */,
			);
			defaultConfigurationIsVisible = 0;
			defaultConfigurationName = Release;
		};
		5E0C3DAD19CEFE0C008E2726 /* Build configuration list for PBXNativeTarget "ManhattanForumTests" */ = {
			isa = XCConfigurationList;
			buildConfigurations = (
				5E0C3DAE19CEFE0C008E2726 /* Debug */,
				5E0C3DAF19CEFE0C008E2726 /* Release */,
			);
			defaultConfigurationIsVisible = 0;
			defaultConfigurationName = Release;
		};
/* End XCConfigurationList section */
	};
	rootObject = 5E0C3D8319CEFE0C008E2726 /* Project object */;
}
